
Microsoft Visual Studio Solution File, Format Version 12.00
# Visual Studio Version 18
VisualStudioVersion = 18.0.0.0
MinimumVisualStudioVersion = 10.0.40219.1
Project("{FAE04EC0-301F-11D3-BF4B-00C04F79EFBC}") = "MyCms.Core", "src\MyCms.Core\MyCms.Core.csproj", "{A1000000-0000-0000-0000-000000000001}"
EndProject
Project("{FAE04EC0-301F-11D3-BF4B-00C04F79EFBC}") = "MyCms.Data", "src\MyCms.Data\MyCms.Data.csproj", "{A1000000-0000-0000-0000-000000000002}"
EndProject
Project("{FAE04EC0-301F-11D3-BF4B-00C04F79EFBC}") = "MyCms.Scaffolding", "src\MyCms.Scaffolding\MyCms.Scaffolding.csproj", "{A1000000-0000-0000-0000-000000000003}"
EndProject
Project("{FAE04EC0-301F-11D3-BF4B-00C04F79EFBC}") = "MyCms.Scaffolding.ConsoleTest", "src\MyCms.Scaffolding.ConsoleTest\MyCms.Scaffolding.ConsoleTest.csproj", "{A1000000-0000-0000-0000-000000000004}"
EndProject
Project("{2150E333-8FDC-42A3-9474-1A3956D46DE8}") = "src", "src", "{827E0CD3-B72D-47B6-A68D-7590B98EB39B}"
EndProject
Project("{FAE04EC0-301F-11D3-BF4B-00C04F79EFBC}") = "MyCms.Admin", "src\MyCms.Admin\MyCms.Admin.csproj", "{B84BEE66-8DF2-40EE-832C-92467D866A5F}"
EndProject
Project("{FAE04EC0-301F-11D3-BF4B-00C04F79EFBC}") = "MyCms.TestHost", "src\MyCms.TestHost\MyCms.TestHost.csproj", "{472A8240-821F-4A6F-A65C-02D8A20EA63E}"
EndProject
Global
	GlobalSection(SolutionConfigurationPlatforms) = preSolution
		Debug|Any CPU = Debug|Any CPU
		Debug|x64 = Debug|x64
		Debug|x86 = Debug|x86
		Release|Any CPU = Release|Any CPU
		Release|x64 = Release|x64
		Release|x86 = Release|x86
	EndGlobalSection
	GlobalSection(ProjectConfigurationPlatforms) = postSolution
		{A1000000-0000-0000-0000-000000000001}.Debug|Any CPU.ActiveCfg = Debug|Any CPU
		{A1000000-0000-0000-0000-000000000001}.Debug|Any CPU.Build.0 = Debug|Any CPU
		{A1000000-0000-0000-0000-000000000001}.Debug|x64.ActiveCfg = Debug|Any CPU
		{A1000000-0000-0000-0000-000000000001}.Debug|x64.Build.0 = Debug|Any CPU
		{A1000000-0000-0000-0000-000000000001}.Debug|x86.ActiveCfg = Debug|Any CPU
		{A1000000-0000-0000-0000-000000000001}.Debug|x86.Build.0 = Debug|Any CPU
		{A1000000-0000-0000-0000-000000000001}.Release|Any CPU.ActiveCfg = Release|Any CPU
		{A1000000-0000-0000-0000-000000000001}.Release|Any CPU.Build.0 = Release|Any CPU
		{A1000000-0000-0000-0000-000000000001}.Release|x64.ActiveCfg = Release|Any CPU
		{A1000000-0000-0000-0000-000000000001}.Release|x64.Build.0 = Release|Any CPU
		{A1000000-0000-0000-0000-000000000001}.Release|x86.ActiveCfg = Release|Any CPU
		{A1000000-0000-0000-0000-000000000001}.Release|x86.Build.0 = Release|Any CPU
		{A1000000-0000-0000-0000-000000000002}.Debug|Any CPU.ActiveCfg = Debug|Any CPU
		{A1000000-0000-0000-0000-000000000002}.Debug|Any CPU.Build.0 = Debug|Any CPU
		{A1000000-0000-0000-0000-000000000002}.Debug|x64.ActiveCfg = Debug|Any CPU
		{A1000000-0000-0000-0000-000000000002}.Debug|x64.Build.0 = Debug|Any CPU
		{A1000000-0000-0000-0000-000000000002}.Debug|x86.ActiveCfg = Debug|Any CPU
		{A1000000-0000-0000-0000-000000000002}.Debug|x86.Build.0 = Debug|Any CPU
		{A1000000-0000-0000-0000-000000000002}.Release|Any CPU.ActiveCfg = Release|Any CPU
		{A1000000-0000-0000-0000-000000000002}.Release|Any CPU.Build.0 = Release|Any CPU
		{A1000000-0000-0000-0000-000000000002}.Release|x64.ActiveCfg = Release|Any CPU
		{A1000000-0000-0000-0000-000000000002}.Release|x64.Build.0 = Release|Any CPU
		{A1000000-0000-0000-0000-000000000002}.Release|x86.ActiveCfg = Release|Any CPU
		{A1000000-0000-0000-0000-000000000002}.Release|x86.Build.0 = Release|Any CPU
		{A1000000-0000-0000-0000-000000000003}.Debug|Any CPU.ActiveCfg = Debug|Any CPU
		{A1000000-0000-0000-0000-000000000003}.Debug|Any CPU.Build.0 = Debug|Any CPU
		{A1000000-0000-0000-0000-000000000003}.Debug|x64.ActiveCfg = Debug|Any CPU
		{A1000000-0000-0000-0000-000000000003}.Debug|x64.Build.0 = Debug|Any CPU
		{A1000000-0000-0000-0000-000000000003}.Debug|x86.ActiveCfg = Debug|Any CPU
		{A1000000-0000-0000-0000-000000000003}.Debug|x86.Build.0 = Debug|Any CPU
		{A1000000-0000-0000-0000-000000000003}.Release|Any CPU.ActiveCfg = Release|Any CPU
		{A1000000-0000-0000-0000-000000000003}.Release|Any CPU.Build.0 = Release|Any CPU
		{A1000000-0000-0000-0000-000000000003}.Release|x64.ActiveCfg = Release|Any CPU
		{A1000000-0000-0000-0000-000000000003}.Release|x64.Build.0 = Release|Any CPU
		{A1000000-0000-0000-0000-000000000003}.Release|x86.ActiveCfg = Release|Any CPU
		{A1000000-0000-0000-0000-000000000003}.Release|x86.Build.0 = Release|Any CPU
		{A1000000-0000-0000-0000-000000000004}.Debug|Any CPU.ActiveCfg = Debug|Any CPU
		{A1000000-0000-0000-0000-000000000004}.Debug|Any CPU.Build.0 = Debug|Any CPU
		{A1000000-0000-0000-0000-000000000004}.Debug|x64.ActiveCfg = Debug|Any CPU
		{A1000000-0000-0000-0000-000000000004}.Debug|x64.Build.0 = Debug|Any CPU
		{A1000000-0000-0000-0000-000000000004}.Debug|x86.ActiveCfg = Debug|Any CPU
		{A1000000-0000-0000-0000-000000000004}.Debug|x86.Build.0 = Debug|Any CPU
		{A1000000-0000-0000-0000-000000000004}.Release|Any CPU.ActiveCfg = Release|Any CPU
		{A1000000-0000-0000-0000-000000000004}.Release|Any CPU.Build.0 = Release|Any CPU
		{A1000000-0000-0000-0000-000000000004}.Release|x64.ActiveCfg = Release|Any CPU
		{A1000000-0000-0000-0000-000000000004}.Release|x64.Build.0 = Release|Any CPU
		{A1000000-0000-0000-0000-000000000004}.Release|x86.ActiveCfg = Release|Any CPU
		{A1000000-0000-0000-0000-000000000004}.Release|x86.Build.0 = Release|Any CPU
		{B84BEE66-8DF2-40EE-832C-92467D866A5F}.Debug|Any CPU.ActiveCfg = Debug|Any CPU
		{B84BEE66-8DF2-40EE-832C-92467D866A5F}.Debug|Any CPU.Build.0 = Debug|Any CPU
		{B84BEE66-8DF2-40EE-832C-92467D866A5F}.Debug|x64.ActiveCfg = Debug|Any CPU
		{B84BEE66-8DF2-40EE-832C-92467D866A5F}.Debug|x64.Build.0 = Debug|Any CPU
		{B84BEE66-8DF2-40EE-832C-92467D866A5F}.Debug|x86.ActiveCfg = Debug|Any CPU
		{B84BEE66-8DF2-40EE-832C-92467D866A5F}.Debug|x86.Build.0 = Debug|Any CPU
		{B84BEE66-8DF2-40EE-832C-92467D866A5F}.Release|Any CPU.ActiveCfg = Release|Any CPU
		{B84BEE66-8DF2-40EE-832C-92467D866A5F}.Release|Any CPU.Build.0 = Release|Any CPU
		{B84BEE66-8DF2-40EE-832C-92467D866A5F}.Release|x64.ActiveCfg = Release|Any CPU
		{B84BEE66-8DF2-40EE-832C-92467D866A5F}.Release|x64.Build.0 = Release|Any CPU
		{B84BEE66-8DF2-40EE-832C-92467D866A5F}.Release|x86.ActiveCfg = Release|Any CPU
		{B84BEE66-8DF2-40EE-832C-92467D866A5F}.Release|x86.Build.0 = Release|Any CPU
		{472A8240-821F-4A6F-A65C-02D8A20EA63E}.Debug|Any CPU.ActiveCfg = Debug|Any CPU
		{472A8240-821F-4A6F-A65C-02D8A20EA63E}.Debug|Any CPU.Build.0 = Debug|Any CPU
		{472A8240-821F-4A6F-A65C-02D8A20EA63E}.Debug|x64.ActiveCfg = Debug|Any CPU
		{472A8240-821F-4A6F-A65C-02D8A20EA63E}.Debug|x64.Build.0 = Debug|Any CPU
		{472A8240-821F-4A6F-A65C-02D8A20EA63E}.Debug|x86.ActiveCfg = Debug|Any CPU
		{472A8240-821F-4A6F-A65C-02D8A20EA63E}.Debug|x86.Build.0 = Debug|Any CPU
		{472A8240-821F-4A6F-A65C-02D8A20EA63E}.Release|Any CPU.ActiveCfg = Release|Any CPU
		{472A8240-821F-4A6F-A65C-02D8A20EA63E}.Release|Any CPU.Build.0 = Release|Any CPU
		{472A8240-821F-4A6F-A65C-02D8A20EA63E}.Release|x64.ActiveCfg = Release|Any CPU
		{472A8240-821F-4A6F-A65C-02D8A20EA63E}.Release|x64.Build.0 = Release|Any CPU
		{472A8240-821F-4A6F-A65C-02D8A20EA63E}.Release|x86.ActiveCfg = Release|Any CPU
		{472A8240-821F-4A6F-A65C-02D8A20EA63E}.Release|x86.Build.0 = Release|Any CPU
	EndGlobalSection
	GlobalSection(SolutionProperties) = preSolution
		HideSolutionNode = FALSE
	EndGlobalSection
	GlobalSection(NestedProjects) = preSolution
		{B84BEE66-8DF2-40EE-832C-92467D866A5F} = {827E0CD3-B72D-47B6-A68D-7590B98EB39B}
		{472A8240-821F-4A6F-A65C-02D8A20EA63E} = {827E0CD3-B72D-47B6-A68D-7590B98EB39B}
	EndGlobalSection
EndGlobal
